
Microsoft Visual Studio Solution File, Format Version 12.00
# Visual Studio Version 16
VisualStudioVersion = 16.0.31424.327
MinimumVisualStudioVersion = 10.0.40219.1
Project("{FAE04EC0-301F-11D3-BF4B-00C04F79EFBC}") = "Task1", "Task1\Task1.csproj", "{D6677D0F-8011-47E0-90BC-D876EC6CE41F}"
EndProject
Project("{FAE04EC0-301F-11D3-BF4B-00C04F79EFBC}") = "Task7", "Task7\Task7.csproj", "{9E842066-9AF6-4A31-8E2A-7276C335D828}"
EndProject
Project("{FAE04EC0-301F-11D3-BF4B-00C04F79EFBC}") = "Task3", "Task3\Task3.csproj", "{6E89C089-7CBF-4EB3-A969-A0E2D7986B2D}"
EndProject
Project("{FAE04EC0-301F-11D3-BF4B-00C04F79EFBC}") = "Task6", "..\Elementary-tasks-master\Task6\Task6.csproj", "{46116054-7108-4844-B349-F11D0B2E2042}"
EndProject
Project("{9A19103F-16F7-4668-BE54-9A1E7A4F7556}") = "LuckyTicketsCounterTest", "..\Elementary-tasks-master\LuckyTicketsCounterTest\LuckyTicketsCounterTest.csproj", "{42E60035-9B4E-4310-8009-3C43FA020B06}"
EndProject
Global
	GlobalSection(SolutionConfigurationPlatforms) = preSolution
		Debug|Any CPU = Debug|Any CPU
		Release|Any CPU = Release|Any CPU
	EndGlobalSection
	GlobalSection(ProjectConfigurationPlatforms) = postSolution
		{D6677D0F-8011-47E0-90BC-D876EC6CE41F}.Debug|Any CPU.ActiveCfg = Debug|Any CPU
		{D6677D0F-8011-47E0-90BC-D876EC6CE41F}.Debug|Any CPU.Build.0 = Debug|Any CPU
		{D6677D0F-8011-47E0-90BC-D876EC6CE41F}.Release|Any CPU.ActiveCfg = Release|Any CPU
		{D6677D0F-8011-47E0-90BC-D876EC6CE41F}.Release|Any CPU.Build.0 = Release|Any CPU
		{9E842066-9AF6-4A31-8E2A-7276C335D828}.Debug|Any CPU.ActiveCfg = Debug|Any CPU
		{9E842066-9AF6-4A31-8E2A-7276C335D828}.Debug|Any CPU.Build.0 = Debug|Any CPU
		{9E842066-9AF6-4A31-8E2A-7276C335D828}.Release|Any CPU.ActiveCfg = Release|Any CPU
		{9E842066-9AF6-4A31-8E2A-7276C335D828}.Release|Any CPU.Build.0 = Release|Any CPU
		{6E89C089-7CBF-4EB3-A969-A0E2D7986B2D}.Debug|Any CPU.ActiveCfg = Debug|Any CPU
		{6E89C089-7CBF-4EB3-A969-A0E2D7986B2D}.Debug|Any CPU.Build.0 = Debug|Any CPU
		{6E89C089-7CBF-4EB3-A969-A0E2D7986B2D}.Release|Any CPU.ActiveCfg = Release|Any CPU
		{6E89C089-7CBF-4EB3-A969-A0E2D7986B2D}.Release|Any CPU.Build.0 = Release|Any CPU
		{46116054-7108-4844-B349-F11D0B2E2042}.Debug|Any CPU.ActiveCfg = Debug|Any CPU
		{46116054-7108-4844-B349-F11D0B2E2042}.Debug|Any CPU.Build.0 = Debug|Any CPU
		{46116054-7108-4844-B349-F11D0B2E2042}.Release|Any CPU.ActiveCfg = Release|Any CPU
		{46116054-7108-4844-B349-F11D0B2E2042}.Release|Any CPU.Build.0 = Release|Any CPU
		{42E60035-9B4E-4310-8009-3C43FA020B06}.Debug|Any CPU.ActiveCfg = Debug|Any CPU
		{42E60035-9B4E-4310-8009-3C43FA020B06}.Debug|Any CPU.Build.0 = Debug|Any CPU
		{42E60035-9B4E-4310-8009-3C43FA020B06}.Release|Any CPU.ActiveCfg = Release|Any CPU
		{42E60035-9B4E-4310-8009-3C43FA020B06}.Release|Any CPU.Build.0 = Release|Any CPU
	EndGlobalSection
	GlobalSection(SolutionProperties) = preSolution
		HideSolutionNode = FALSE
	EndGlobalSection
	GlobalSection(ExtensibilityGlobals) = postSolution
		SolutionGuid = {07ECCE24-A5BC-44A9-A34A-D613B9989377}
	EndGlobalSection
EndGlobal
